<Solution>
  <Project Path="../tests/FlatRedBall2.Tests/FlatRedBall2.Tests.csproj" />
  <Project Path="../tests/AnimationChain.MonoGame.Tests/AnimationChain.MonoGame.Tests.csproj" />
  <Project Path="FlatRedBall2.csproj" />
  <Project Path="FlatRedBall2.BlazorGL/FlatRedBall2.BlazorGL.csproj" />
  <Project Path="AnimationChain.MonoGame/AnimationChain.MonoGame.csproj" />
</Solution>
